
Microsoft Visual Studio Solution File, Format Version 12.00
# Visual Studio Version 17
VisualStudioVersion = 17.10.35122.118
MinimumVisualStudioVersion = 10.0.40219.1
Project("{FAE04EC0-301F-11D3-BF4B-00C04F79EFBC}") = "BOM-Compare", "BOM-Compare.csproj", "{2F9AD148-4C9E-4A7A-874D-9ACBADB294A5}"
EndProject
Global
	GlobalSection(SolutionConfigurationPlatforms) = preSolution
		Debug|Any CPU = Debug|Any CPU
		Release|Any CPU = Release|Any CPU
	EndGlobalSection
	GlobalSection(ProjectConfigurationPlatforms) = postSolution
		{2F9AD148-4C9E-4A7A-874D-9ACBADB294A5}.Debug|Any CPU.ActiveCfg = Debug|Any CPU
		{2F9AD148-4C9E-4A7A-874D-9ACBADB294A5}.Debug|Any CPU.Build.0 = Debug|Any CPU
		{2F9AD148-4C9E-4A7A-874D-9ACBADB294A5}.Release|Any CPU.ActiveCfg = Release|Any CPU
		{2F9AD148-4C9E-4A7A-874D-9ACBADB294A5}.Release|Any CPU.Build.0 = Release|Any CPU
	EndGlobalSection
	GlobalSection(SolutionProperties) = preSolution
		HideSolutionNode = FALSE
	EndGlobalSection
	GlobalSection(ExtensibilityGlobals) = postSolution
		SolutionGuid = {FBE6DCE3-4B97-4F28-B37A-625A1342BA20}
	EndGlobalSection
EndGlobal
